
Microsoft Visual Studio Solution File, Format Version 12.00
# Visual Studio Version 17
VisualStudioVersion = 17.8.34525.116
MinimumVisualStudioVersion = 10.0.40219.1
Project("{FAE04EC0-301F-11D3-BF4B-00C04F79EFBC}") = "API", "API\API.csproj", "{3E7A441A-E08B-4C23-A6BB-0003D991B389}"
EndProject
Project("{FAE04EC0-301F-11D3-BF4B-00C04F79EFBC}") = "Testing", "Testing\Testing.csproj", "{A0BFA6DC-89F5-42FE-ACDA-5BEAEFF0DB98}"
EndProject
Project("{FAE04EC0-301F-11D3-BF4B-00C04F79EFBC}") = "Domain", "Domain\Domain.csproj", "{B58A1950-8486-4613-AC16-E675F1462497}"
EndProject
Project("{FAE04EC0-301F-11D3-BF4B-00C04F79EFBC}") = "Application", "Application\Application.csproj", "{65AE8B5F-9D43-4F33-81D3-6EC388534766}"
EndProject
Project("{FAE04EC0-301F-11D3-BF4B-00C04F79EFBC}") = "Infrastructure", "Infrastructure\Infrastructure.csproj", "{653A923E-F6EC-4A43-A64B-746213498EB9}"
EndProject
Global
	GlobalSection(SolutionConfigurationPlatforms) = preSolution
		Debug|Any CPU = Debug|Any CPU
		Release|Any CPU = Release|Any CPU
	EndGlobalSection
	GlobalSection(ProjectConfigurationPlatforms) = postSolution
		{3E7A441A-E08B-4C23-A6BB-0003D991B389}.Debug|Any CPU.ActiveCfg = Debug|Any CPU
		{3E7A441A-E08B-4C23-A6BB-0003D991B389}.Debug|Any CPU.Build.0 = Debug|Any CPU
		{3E7A441A-E08B-4C23-A6BB-0003D991B389}.Release|Any CPU.ActiveCfg = Release|Any CPU
		{3E7A441A-E08B-4C23-A6BB-0003D991B389}.Release|Any CPU.Build.0 = Release|Any CPU
		{A0BFA6DC-89F5-42FE-ACDA-5BEAEFF0DB98}.Debug|Any CPU.ActiveCfg = Debug|Any CPU
		{A0BFA6DC-89F5-42FE-ACDA-5BEAEFF0DB98}.Debug|Any CPU.Build.0 = Debug|Any CPU
		{A0BFA6DC-89F5-42FE-ACDA-5BEAEFF0DB98}.Release|Any CPU.ActiveCfg = Release|Any CPU
		{A0BFA6DC-89F5-42FE-ACDA-5BEAEFF0DB98}.Release|Any CPU.Build.0 = Release|Any CPU
		{B58A1950-8486-4613-AC16-E675F1462497}.Debug|Any CPU.ActiveCfg = Debug|Any CPU
		{B58A1950-8486-4613-AC16-E675F1462497}.Debug|Any CPU.Build.0 = Debug|Any CPU
		{B58A1950-8486-4613-AC16-E675F1462497}.Release|Any CPU.ActiveCfg = Release|Any CPU
		{B58A1950-8486-4613-AC16-E675F1462497}.Release|Any CPU.Build.0 = Release|Any CPU
		{65AE8B5F-9D43-4F33-81D3-6EC388534766}.Debug|Any CPU.ActiveCfg = Debug|Any CPU
		{65AE8B5F-9D43-4F33-81D3-6EC388534766}.Debug|Any CPU.Build.0 = Debug|Any CPU
		{65AE8B5F-9D43-4F33-81D3-6EC388534766}.Release|Any CPU.ActiveCfg = Release|Any CPU
		{65AE8B5F-9D43-4F33-81D3-6EC388534766}.Release|Any CPU.Build.0 = Release|Any CPU
		{653A923E-F6EC-4A43-A64B-746213498EB9}.Debug|Any CPU.ActiveCfg = Debug|Any CPU
		{653A923E-F6EC-4A43-A64B-746213498EB9}.Debug|Any CPU.Build.0 = Debug|Any CPU
		{653A923E-F6EC-4A43-A64B-746213498EB9}.Release|Any CPU.ActiveCfg = Release|Any CPU
		{653A923E-F6EC-4A43-A64B-746213498EB9}.Release|Any CPU.Build.0 = Release|Any CPU
	EndGlobalSection
	GlobalSection(SolutionProperties) = preSolution
		HideSolutionNode = FALSE
	EndGlobalSection
	GlobalSection(ExtensibilityGlobals) = postSolution
		SolutionGuid = {626D37BE-8689-428C-A2EA-A0D8ED1C6C0B}
	EndGlobalSection
EndGlobal
